
Microsoft Visual Studio Solution File, Format Version 12.00
# Visual Studio Version 16
VisualStudioVersion = 16.0.30804.86
MinimumVisualStudioVersion = 10.0.40219.1
Project("{FAE04EC0-301F-11D3-BF4B-00C04F79EFBC}") = "GameDemo", "GameDemo.csproj", "{16A7D1E2-2555-4DB7-9EB7-032D38A585DD}"
EndProject
Global
	GlobalSection(SolutionConfigurationPlatforms) = preSolution
		Debug|Any CPU = Debug|Any CPU
		Release|Any CPU = Release|Any CPU
	EndGlobalSection
	GlobalSection(ProjectConfigurationPlatforms) = postSolution
		{16A7D1E2-2555-4DB7-9EB7-032D38A585DD}.Debug|Any CPU.ActiveCfg = Debug|Any CPU
		{16A7D1E2-2555-4DB7-9EB7-032D38A585DD}.Debug|Any CPU.Build.0 = Debug|Any CPU
		{16A7D1E2-2555-4DB7-9EB7-032D38A585DD}.Release|Any CPU.ActiveCfg = Release|Any CPU
		{16A7D1E2-2555-4DB7-9EB7-032D38A585DD}.Release|Any CPU.Build.0 = Release|Any CPU
	EndGlobalSection
	GlobalSection(SolutionProperties) = preSolution
		HideSolutionNode = FALSE
	EndGlobalSection
	GlobalSection(ExtensibilityGlobals) = postSolution
		SolutionGuid = {35909153-0A2C-401C-A184-531854ECA6CF}
	EndGlobalSection
EndGlobal
